
Microsoft Visual Studio Solution File, Format Version 12.00
# Visual Studio Version 17
VisualStudioVersion = 17.9.34622.214
MinimumVisualStudioVersion = 10.0.40219.1
Project("{FAE04EC0-301F-11D3-BF4B-00C04F79EFBC}") = "Drawing-Base", "Drawing-Base\Drawing-Base.csproj", "{7E01317F-DC49-4E62-A61F-FD542CF18CD9}"
EndProject
Global
	GlobalSection(SolutionConfigurationPlatforms) = preSolution
		Debug|Any CPU = Debug|Any CPU
		Release|Any CPU = Release|Any CPU
	EndGlobalSection
	GlobalSection(ProjectConfigurationPlatforms) = postSolution
		{7E01317F-DC49-4E62-A61F-FD542CF18CD9}.Debug|Any CPU.ActiveCfg = Debug|Any CPU
		{7E01317F-DC49-4E62-A61F-FD542CF18CD9}.Debug|Any CPU.Build.0 = Debug|Any CPU
		{7E01317F-DC49-4E62-A61F-FD542CF18CD9}.Release|Any CPU.ActiveCfg = Release|Any CPU
		{7E01317F-DC49-4E62-A61F-FD542CF18CD9}.Release|Any CPU.Build.0 = Release|Any CPU
	EndGlobalSection
	GlobalSection(SolutionProperties) = preSolution
		HideSolutionNode = FALSE
	EndGlobalSection
	GlobalSection(ExtensibilityGlobals) = postSolution
		SolutionGuid = {E7EF3BC0-3527-4ACB-8752-5FAFF07EA478}
	EndGlobalSection
EndGlobal
