
Microsoft Visual Studio Solution File, Format Version 12.00
# Visual Studio Version 17
VisualStudioVersion = 17.9.34622.214
MinimumVisualStudioVersion = 10.0.40219.1
Project("{9A19103F-16F7-4668-BE54-9A1E7A4F7556}") = "_4_1_1", "_4_1_1.csproj", "{2A7E9921-E0E9-4F10-9257-411BE715CFAA}"
EndProject
Global
	GlobalSection(SolutionConfigurationPlatforms) = preSolution
		Debug|Any CPU = Debug|Any CPU
		Release|Any CPU = Release|Any CPU
	EndGlobalSection
	GlobalSection(ProjectConfigurationPlatforms) = postSolution
		{2A7E9921-E0E9-4F10-9257-411BE715CFAA}.Debug|Any CPU.ActiveCfg = Debug|Any CPU
		{2A7E9921-E0E9-4F10-9257-411BE715CFAA}.Debug|Any CPU.Build.0 = Debug|Any CPU
		{2A7E9921-E0E9-4F10-9257-411BE715CFAA}.Release|Any CPU.ActiveCfg = Release|Any CPU
		{2A7E9921-E0E9-4F10-9257-411BE715CFAA}.Release|Any CPU.Build.0 = Release|Any CPU
	EndGlobalSection
	GlobalSection(SolutionProperties) = preSolution
		HideSolutionNode = FALSE
	EndGlobalSection
	GlobalSection(ExtensibilityGlobals) = postSolution
		SolutionGuid = {E166CB7C-22CD-4A40-B270-14AC690FF106}
	EndGlobalSection
EndGlobal
