
Microsoft Visual Studio Solution File, Format Version 12.00
# Visual Studio Version 17
VisualStudioVersion = 17.9.34622.214
MinimumVisualStudioVersion = 10.0.40219.1
Project("{FAE04EC0-301F-11D3-BF4B-00C04F79EFBC}") = "CounterTask", "CounterTask\CounterTask.csproj", "{6A232D7F-5BC6-4037-AD65-042411F376B8}"
EndProject
Global
	GlobalSection(SolutionConfigurationPlatforms) = preSolution
		Debug|Any CPU = Debug|Any CPU
		Release|Any CPU = Release|Any CPU
	EndGlobalSection
	GlobalSection(ProjectConfigurationPlatforms) = postSolution
		{6A232D7F-5BC6-4037-AD65-042411F376B8}.Debug|Any CPU.ActiveCfg = Debug|Any CPU
		{6A232D7F-5BC6-4037-AD65-042411F376B8}.Debug|Any CPU.Build.0 = Debug|Any CPU
		{6A232D7F-5BC6-4037-AD65-042411F376B8}.Release|Any CPU.ActiveCfg = Release|Any CPU
		{6A232D7F-5BC6-4037-AD65-042411F376B8}.Release|Any CPU.Build.0 = Release|Any CPU
	EndGlobalSection
	GlobalSection(SolutionProperties) = preSolution
		HideSolutionNode = FALSE
	EndGlobalSection
	GlobalSection(ExtensibilityGlobals) = postSolution
		SolutionGuid = {ED89B44C-C71C-4814-AF4B-313AA5283FB9}
	EndGlobalSection
EndGlobal
