
Microsoft Visual Studio Solution File, Format Version 12.00
# Visual Studio Version 17
VisualStudioVersion = 17.9.34622.214
MinimumVisualStudioVersion = 10.0.40219.1
Project("{FAE04EC0-301F-11D3-BF4B-00C04F79EFBC}") = "SwinAdventure", "SwinAdventure\SwinAdventure.csproj", "{7D367563-DC7A-4C03-8E37-92CAA5C34970}"
EndProject
Project("{FAE04EC0-301F-11D3-BF4B-00C04F79EFBC}") = "UnitTestIdentifiers", "UnitTestIdentifiers\UnitTestIdentifiers.csproj", "{8A68D80A-39DE-4243-968B-BA5F1F9CEA3B}"
EndProject
Global
	GlobalSection(SolutionConfigurationPlatforms) = preSolution
		Debug|Any CPU = Debug|Any CPU
		Release|Any CPU = Release|Any CPU
	EndGlobalSection
	GlobalSection(ProjectConfigurationPlatforms) = postSolution
		{7D367563-DC7A-4C03-8E37-92CAA5C34970}.Debug|Any CPU.ActiveCfg = Debug|Any CPU
		{7D367563-DC7A-4C03-8E37-92CAA5C34970}.Debug|Any CPU.Build.0 = Debug|Any CPU
		{7D367563-DC7A-4C03-8E37-92CAA5C34970}.Release|Any CPU.ActiveCfg = Release|Any CPU
		{7D367563-DC7A-4C03-8E37-92CAA5C34970}.Release|Any CPU.Build.0 = Release|Any CPU
		{8A68D80A-39DE-4243-968B-BA5F1F9CEA3B}.Debug|Any CPU.ActiveCfg = Debug|Any CPU
		{8A68D80A-39DE-4243-968B-BA5F1F9CEA3B}.Debug|Any CPU.Build.0 = Debug|Any CPU
		{8A68D80A-39DE-4243-968B-BA5F1F9CEA3B}.Release|Any CPU.ActiveCfg = Release|Any CPU
		{8A68D80A-39DE-4243-968B-BA5F1F9CEA3B}.Release|Any CPU.Build.0 = Release|Any CPU
	EndGlobalSection
	GlobalSection(SolutionProperties) = preSolution
		HideSolutionNode = FALSE
	EndGlobalSection
	GlobalSection(ExtensibilityGlobals) = postSolution
		SolutionGuid = {5C3A3FB0-B8DC-4AE4-B899-0952FC94BBD8}
	EndGlobalSection
EndGlobal
